// !$*UTF8*$!
{
	archiveVersion = 1;
	classes = {
	};
	objectVersion = 55;
	objects = {

/* Begin PBXBuildFile section */
		1F6CD281275468ED00393BA8 /* Helper.swift in Sources */ = {isa = PBXBuildFile; fileRef = 1F6CD280275468ED00393BA8 /* Helper.swift */; };
		1F6CD285275573CF00393BA8 /* DataLoadingVC.swift in Sources */ = {isa = PBXBuildFile; fileRef = 1F6CD284275573CF00393BA8 /* DataLoadingVC.swift */; };
		1FACF65627505FAE00A95403 /* AppDelegate.swift in Sources */ = {isa = PBXBuildFile; fileRef = 1FACF65527505FAE00A95403 /* AppDelegate.swift */; };
		1FACF65827505FAE00A95403 /* SceneDelegate.swift in Sources */ = {isa = PBXBuildFile; fileRef = 1FACF65727505FAE00A95403 /* SceneDelegate.swift */; };
		1FACF65F27505FB000A95403 /* Assets.xcassets in Resources */ = {isa = PBXBuildFile; fileRef = 1FACF65E27505FB000A95403 /* Assets.xcassets */; };
		1FACF66227505FB000A95403 /* LaunchScreen.storyboard in Resources */ = {isa = PBXBuildFile; fileRef = 1FACF66027505FB000A95403 /* LaunchScreen.storyboard */; };
		1FACF66D2750604400A95403 /* String+Ext.swift in Sources */ = {isa = PBXBuildFile; fileRef = 1FACF66C2750604400A95403 /* String+Ext.swift */; };
		1FACF66F2750606D00A95403 /* UIView+Ext.swift in Sources */ = {isa = PBXBuildFile; fileRef = 1FACF66E2750606D00A95403 /* UIView+Ext.swift */; };
		1FACF674275061AA00A95403 /* MCThumbnailImageView.swift in Sources */ = {isa = PBXBuildFile; fileRef = 1FACF673275061AA00A95403 /* MCThumbnailImageView.swift */; };
		1FACF6762750620E00A95403 /* MCTitleLabel.swift in Sources */ = {isa = PBXBuildFile; fileRef = 1FACF6752750620E00A95403 /* MCTitleLabel.swift */; };
		1FACF6782750624B00A95403 /* MCRankLabel.swift in Sources */ = {isa = PBXBuildFile; fileRef = 1FACF6772750624B00A95403 /* MCRankLabel.swift */; };
		1FACF67B275062BC00A95403 /* MCInfoLabel.swift in Sources */ = {isa = PBXBuildFile; fileRef = 1FACF67A275062BC00A95403 /* MCInfoLabel.swift */; };
		1FACF67D275062F300A95403 /* MCBodyLabel.swift in Sources */ = {isa = PBXBuildFile; fileRef = 1FACF67C275062F300A95403 /* MCBodyLabel.swift */; };
		1FACF67F2750633000A95403 /* MCRankBadge.swift in Sources */ = {isa = PBXBuildFile; fileRef = 1FACF67E2750633000A95403 /* MCRankBadge.swift */; };
		1FACF682275063B300A95403 /* BoardGameCell.swift in Sources */ = {isa = PBXBuildFile; fileRef = 1FACF681275063B300A95403 /* BoardGameCell.swift */; };
		1FACF684275063FB00A95403 /* BoardGameListCell.swift in Sources */ = {isa = PBXBuildFile; fileRef = 1FACF683275063FB00A95403 /* BoardGameListCell.swift */; };
		1FACF6872750643300A95403 /* NetworkManager.swift in Sources */ = {isa = PBXBuildFile; fileRef = 1FACF6862750643300A95403 /* NetworkManager.swift */; };
		1FACF68A2750646F00A95403 /* MCTabBarController.swift in Sources */ = {isa = PBXBuildFile; fileRef = 1FACF6892750646F00A95403 /* MCTabBarController.swift */; };
		1FACF68C2750648400A95403 /* SearchVC.swift in Sources */ = {isa = PBXBuildFile; fileRef = 1FACF68B2750648400A95403 /* SearchVC.swift */; };
		1FACF68E275064D300A95403 /* TopBoardGamesVC.swift in Sources */ = {isa = PBXBuildFile; fileRef = 1FACF68D275064D300A95403 /* TopBoardGamesVC.swift */; };
		1FACF690275064F500A95403 /* GameInfoVC.swift in Sources */ = {isa = PBXBuildFile; fileRef = 1FACF68F275064F500A95403 /* GameInfoVC.swift */; };
		1FACF6922750652300A95403 /* MyCollectionVC.swift in Sources */ = {isa = PBXBuildFile; fileRef = 1FACF6912750652300A95403 /* MyCollectionVC.swift */; };
		1FACF6952750656A00A95403 /* Constants.swift in Sources */ = {isa = PBXBuildFile; fileRef = 1FACF6942750656A00A95403 /* Constants.swift */; };
		1FACF6972750658200A95403 /* BoardGameParser.swift in Sources */ = {isa = PBXBuildFile; fileRef = 1FACF6962750658200A95403 /* BoardGameParser.swift */; };
		1FACF699275065A400A95403 /* UILayout.swift in Sources */ = {isa = PBXBuildFile; fileRef = 1FACF698275065A400A95403 /* UILayout.swift */; };
		1FACF69C275065D400A95403 /* Boardgame.swift in Sources */ = {isa = PBXBuildFile; fileRef = 1FACF69B275065D400A95403 /* Boardgame.swift */; };
/* End PBXBuildFile section */

/* Begin PBXFileReference section */
		1F6CD280275468ED00393BA8 /* Helper.swift */ = {isa = PBXFileReference; lastKnownFileType = sourcecode.swift; path = Helper.swift; sourceTree = "<group>"; };
		1F6CD284275573CF00393BA8 /* DataLoadingVC.swift */ = {isa = PBXFileReference; lastKnownFileType = sourcecode.swift; path = DataLoadingVC.swift; sourceTree = "<group>"; };
		1FACF65227505FAE00A95403 /* MeepleCollector.app */ = {isa = PBXFileReference; explicitFileType = wrapper.application; includeInIndex = 0; path = MeepleCollector.app; sourceTree = BUILT_PRODUCTS_DIR; };
		1FACF65527505FAE00A95403 /* AppDelegate.swift */ = {isa = PBXFileReference; lastKnownFileType = sourcecode.swift; path = AppDelegate.swift; sourceTree = "<group>"; };
		1FACF65727505FAE00A95403 /* SceneDelegate.swift */ = {isa = PBXFileReference; lastKnownFileType = sourcecode.swift; path = SceneDelegate.swift; sourceTree = "<group>"; };
		1FACF65E27505FB000A95403 /* Assets.xcassets */ = {isa = PBXFileReference; lastKnownFileType = folder.assetcatalog; path = Assets.xcassets; sourceTree = "<group>"; };
		1FACF66127505FB000A95403 /* Base */ = {isa = PBXFileReference; lastKnownFileType = file.storyboard; name = Base; path = Base.lproj/LaunchScreen.storyboard; sourceTree = "<group>"; };
		1FACF66327505FB000A95403 /* Info.plist */ = {isa = PBXFileReference; lastKnownFileType = text.plist.xml; path = Info.plist; sourceTree = "<group>"; };
		1FACF66C2750604400A95403 /* String+Ext.swift */ = {isa = PBXFileReference; lastKnownFileType = sourcecode.swift; path = "String+Ext.swift"; sourceTree = "<group>"; };
		1FACF66E2750606D00A95403 /* UIView+Ext.swift */ = {isa = PBXFileReference; lastKnownFileType = sourcecode.swift; path = "UIView+Ext.swift"; sourceTree = "<group>"; };
		1FACF673275061AA00A95403 /* MCThumbnailImageView.swift */ = {isa = PBXFileReference; lastKnownFileType = sourcecode.swift; path = MCThumbnailImageView.swift; sourceTree = "<group>"; };
		1FACF6752750620E00A95403 /* MCTitleLabel.swift */ = {isa = PBXFileReference; lastKnownFileType = sourcecode.swift; path = MCTitleLabel.swift; sourceTree = "<group>"; };
		1FACF6772750624B00A95403 /* MCRankLabel.swift */ = {isa = PBXFileReference; lastKnownFileType = sourcecode.swift; path = MCRankLabel.swift; sourceTree = "<group>"; };
		1FACF67A275062BC00A95403 /* MCInfoLabel.swift */ = {isa = PBXFileReference; lastKnownFileType = sourcecode.swift; path = MCInfoLabel.swift; sourceTree = "<group>"; };
		1FACF67C275062F300A95403 /* MCBodyLabel.swift */ = {isa = PBXFileReference; lastKnownFileType = sourcecode.swift; path = MCBodyLabel.swift; sourceTree = "<group>"; };
		1FACF67E2750633000A95403 /* MCRankBadge.swift */ = {isa = PBXFileReference; lastKnownFileType = sourcecode.swift; path = MCRankBadge.swift; sourceTree = "<group>"; };
		1FACF681275063B300A95403 /* BoardGameCell.swift */ = {isa = PBXFileReference; lastKnownFileType = sourcecode.swift; path = BoardGameCell.swift; sourceTree = "<group>"; };
		1FACF683275063FB00A95403 /* BoardGameListCell.swift */ = {isa = PBXFileReference; lastKnownFileType = sourcecode.swift; path = BoardGameListCell.swift; sourceTree = "<group>"; };
		1FACF6862750643300A95403 /* NetworkManager.swift */ = {isa = PBXFileReference; lastKnownFileType = sourcecode.swift; path = NetworkManager.swift; sourceTree = "<group>"; };
		1FACF6892750646F00A95403 /* MCTabBarController.swift */ = {isa = PBXFileReference; lastKnownFileType = sourcecode.swift; path = MCTabBarController.swift; sourceTree = "<group>"; };
		1FACF68B2750648400A95403 /* SearchVC.swift */ = {isa = PBXFileReference; lastKnownFileType = sourcecode.swift; path = SearchVC.swift; sourceTree = "<group>"; };
		1FACF68D275064D300A95403 /* TopBoardGamesVC.swift */ = {isa = PBXFileReference; lastKnownFileType = sourcecode.swift; path = TopBoardGamesVC.swift; sourceTree = "<group>"; };
		1FACF68F275064F500A95403 /* GameInfoVC.swift */ = {isa = PBXFileReference; lastKnownFileType = sourcecode.swift; path = GameInfoVC.swift; sourceTree = "<group>"; };
		1FACF6912750652300A95403 /* MyCollectionVC.swift */ = {isa = PBXFileReference; lastKnownFileType = sourcecode.swift; path = MyCollectionVC.swift; sourceTree = "<group>"; };
		1FACF6942750656A00A95403 /* Constants.swift */ = {isa = PBXFileReference; lastKnownFileType = sourcecode.swift; path = Constants.swift; sourceTree = "<group>"; };
		1FACF6962750658200A95403 /* BoardGameParser.swift */ = {isa = PBXFileReference; lastKnownFileType = sourcecode.swift; path = BoardGameParser.swift; sourceTree = "<group>"; };
		1FACF698275065A400A95403 /* UILayout.swift */ = {isa = PBXFileReference; lastKnownFileType = sourcecode.swift; path = UILayout.swift; sourceTree = "<group>"; };
		1FACF69B275065D400A95403 /* Boardgame.swift */ = {isa = PBXFileReference; lastKnownFileType = sourcecode.swift; path = Boardgame.swift; sourceTree = "<group>"; };
/* End PBXFileReference section */

/* Begin PBXFrameworksBuildPhase section */
		1FACF64F27505FAE00A95403 /* Frameworks */ = {
			isa = PBXFrameworksBuildPhase;
			buildActionMask = 2147483647;
			files = (
			);
			runOnlyForDeploymentPostprocessing = 0;
		};
/* End PBXFrameworksBuildPhase section */

/* Begin PBXGroup section */
		1FACF64927505FAE00A95403 = {
			isa = PBXGroup;
			children = (
				1FACF65427505FAE00A95403 /* MeepleCollector */,
				1FACF65327505FAE00A95403 /* Products */,
			);
			sourceTree = "<group>";
		};
		1FACF65327505FAE00A95403 /* Products */ = {
			isa = PBXGroup;
			children = (
				1FACF65227505FAE00A95403 /* MeepleCollector.app */,
			);
			name = Products;
			sourceTree = "<group>";
		};
		1FACF65427505FAE00A95403 /* MeepleCollector */ = {
			isa = PBXGroup;
			children = (
				1FACF6882750645A00A95403 /* View Controllers */,
				1FACF671275060F000A95403 /* Custom Views */,
				1FACF69A275065C500A95403 /* Models */,
				1FACF6932750655D00A95403 /* Utilities */,
				1FACF6852750642400A95403 /* Managers */,
				1FACF6692750600500A95403 /* Extensions */,
				1FACF6702750608F00A95403 /* Support Files */,
				1FACF66327505FB000A95403 /* Info.plist */,
			);
			path = MeepleCollector;
			sourceTree = "<group>";
		};
		1FACF6692750600500A95403 /* Extensions */ = {
			isa = PBXGroup;
			children = (
				1FACF66C2750604400A95403 /* String+Ext.swift */,
				1FACF66E2750606D00A95403 /* UIView+Ext.swift */,
			);
			path = Extensions;
			sourceTree = "<group>";
		};
		1FACF6702750608F00A95403 /* Support Files */ = {
			isa = PBXGroup;
			children = (
				1FACF65527505FAE00A95403 /* AppDelegate.swift */,
				1FACF65727505FAE00A95403 /* SceneDelegate.swift */,
				1FACF65E27505FB000A95403 /* Assets.xcassets */,
				1FACF66027505FB000A95403 /* LaunchScreen.storyboard */,
			);
			path = "Support Files";
			sourceTree = "<group>";
		};
		1FACF671275060F000A95403 /* Custom Views */ = {
			isa = PBXGroup;
			children = (
				1FACF6722750616800A95403 /* ImageViews */,
				1FACF6792750626D00A95403 /* Labels */,
				1FACF6802750636800A95403 /* Cells */,
			);
			path = "Custom Views";
			sourceTree = "<group>";
		};
		1FACF6722750616800A95403 /* ImageViews */ = {
			isa = PBXGroup;
			children = (
				1FACF673275061AA00A95403 /* MCThumbnailImageView.swift */,
			);
			path = ImageViews;
			sourceTree = "<group>";
		};
		1FACF6792750626D00A95403 /* Labels */ = {
			isa = PBXGroup;
			children = (
				1FACF6752750620E00A95403 /* MCTitleLabel.swift */,
				1FACF6772750624B00A95403 /* MCRankLabel.swift */,
				1FACF67A275062BC00A95403 /* MCInfoLabel.swift */,
				1FACF67C275062F300A95403 /* MCBodyLabel.swift */,
				1FACF67E2750633000A95403 /* MCRankBadge.swift */,
			);
			path = Labels;
			sourceTree = "<group>";
		};
		1FACF6802750636800A95403 /* Cells */ = {
			isa = PBXGroup;
			children = (
				1FACF681275063B300A95403 /* BoardGameCell.swift */,
				1FACF683275063FB00A95403 /* BoardGameListCell.swift */,
			);
			path = Cells;
			sourceTree = "<group>";
		};
		1FACF6852750642400A95403 /* Managers */ = {
			isa = PBXGroup;
			children = (
				1FACF6862750643300A95403 /* NetworkManager.swift */,
			);
			path = Managers;
			sourceTree = "<group>";
		};
		1FACF6882750645A00A95403 /* View Controllers */ = {
			isa = PBXGroup;
			children = (
				1FACF6892750646F00A95403 /* MCTabBarController.swift */,
				1FACF68B2750648400A95403 /* SearchVC.swift */,
				1FACF6912750652300A95403 /* MyCollectionVC.swift */,
				1FACF68D275064D300A95403 /* TopBoardGamesVC.swift */,
				1FACF68F275064F500A95403 /* GameInfoVC.swift */,
				1F6CD284275573CF00393BA8 /* DataLoadingVC.swift */,
			);
			path = "View Controllers";
			sourceTree = "<group>";
		};
		1FACF6932750655D00A95403 /* Utilities */ = {
			isa = PBXGroup;
			children = (
				1FACF6942750656A00A95403 /* Constants.swift */,
				1FACF6962750658200A95403 /* BoardGameParser.swift */,
				1FACF698275065A400A95403 /* UILayout.swift */,
				1F6CD280275468ED00393BA8 /* Helper.swift */,
			);
			path = Utilities;
			sourceTree = "<group>";
		};
		1FACF69A275065C500A95403 /* Models */ = {
			isa = PBXGroup;
			children = (
				1FACF69B275065D400A95403 /* Boardgame.swift */,
			);
			path = Models;
			sourceTree = "<group>";
		};
/* End PBXGroup section */

/* Begin PBXNativeTarget section */
		1FACF65127505FAE00A95403 /* MeepleCollector */ = {
			isa = PBXNativeTarget;
			buildConfigurationList = 1FACF66627505FB000A95403 /* Build configuration list for PBXNativeTarget "MeepleCollector" */;
			buildPhases = (
				1FACF64E27505FAE00A95403 /* Sources */,
				1FACF64F27505FAE00A95403 /* Frameworks */,
				1FACF65027505FAE00A95403 /* Resources */,
			);
			buildRules = (
			);
			dependencies = (
			);
			name = MeepleCollector;
			productName = MeepleCollector;
			productReference = 1FACF65227505FAE00A95403 /* MeepleCollector.app */;
			productType = "com.apple.product-type.application";
		};
/* End PBXNativeTarget section */

/* Begin PBXProject section */
		1FACF64A27505FAE00A95403 /* Project object */ = {
			isa = PBXProject;
			attributes = {
				BuildIndependentTargetsInParallel = 1;
				LastSwiftUpdateCheck = 1310;
				LastUpgradeCheck = 1310;
				TargetAttributes = {
					1FACF65127505FAE00A95403 = {
						CreatedOnToolsVersion = 13.1;
					};
				};
			};
			buildConfigurationList = 1FACF64D27505FAE00A95403 /* Build configuration list for PBXProject "MeepleCollector" */;
			compatibilityVersion = "Xcode 13.0";
			developmentRegion = en;
			hasScannedForEncodings = 0;
			knownRegions = (
				en,
				Base,
			);
			mainGroup = 1FACF64927505FAE00A95403;
			productRefGroup = 1FACF65327505FAE00A95403 /* Products */;
			projectDirPath = "";
			projectRoot = "";
			targets = (
				1FACF65127505FAE00A95403 /* MeepleCollector */,
			);
		};
/* End PBXProject section */

/* Begin PBXResourcesBuildPhase section */
		1FACF65027505FAE00A95403 /* Resources */ = {
			isa = PBXResourcesBuildPhase;
			buildActionMask = 2147483647;
			files = (
				1FACF66227505FB000A95403 /* LaunchScreen.storyboard in Resources */,
				1FACF65F27505FB000A95403 /* Assets.xcassets in Resources */,
			);
			runOnlyForDeploymentPostprocessing = 0;
		};
/* End PBXResourcesBuildPhase section */

/* Begin PBXSourcesBuildPhase section */
		1FACF64E27505FAE00A95403 /* Sources */ = {
			isa = PBXSourcesBuildPhase;
			buildActionMask = 2147483647;
			files = (
				1FACF699275065A400A95403 /* UILayout.swift in Sources */,
				1FACF6922750652300A95403 /* MyCollectionVC.swift in Sources */,
				1FACF6952750656A00A95403 /* Constants.swift in Sources */,
				1FACF67B275062BC00A95403 /* MCInfoLabel.swift in Sources */,
				1FACF68E275064D300A95403 /* TopBoardGamesVC.swift in Sources */,
				1FACF6782750624B00A95403 /* MCRankLabel.swift in Sources */,
				1FACF682275063B300A95403 /* BoardGameCell.swift in Sources */,
				1FACF68A2750646F00A95403 /* MCTabBarController.swift in Sources */,
				1FACF6872750643300A95403 /* NetworkManager.swift in Sources */,
				1FACF65627505FAE00A95403 /* AppDelegate.swift in Sources */,
				1FACF68C2750648400A95403 /* SearchVC.swift in Sources */,
				1FACF684275063FB00A95403 /* BoardGameListCell.swift in Sources */,
				1FACF69C275065D400A95403 /* Boardgame.swift in Sources */,
				1FACF6972750658200A95403 /* BoardGameParser.swift in Sources */,
				1FACF66F2750606D00A95403 /* UIView+Ext.swift in Sources */,
				1F6CD285275573CF00393BA8 /* DataLoadingVC.swift in Sources */,
				1FACF66D2750604400A95403 /* String+Ext.swift in Sources */,
				1FACF690275064F500A95403 /* GameInfoVC.swift in Sources */,
				1FACF67F2750633000A95403 /* MCRankBadge.swift in Sources */,
				1FACF6762750620E00A95403 /* MCTitleLabel.swift in Sources */,
				1FACF65827505FAE00A95403 /* SceneDelegate.swift in Sources */,
				1F6CD281275468ED00393BA8 /* Helper.swift in Sources */,
				1FACF674275061AA00A95403 /* MCThumbnailImageView.swift in Sources */,
				1FACF67D275062F300A95403 /* MCBodyLabel.swift in Sources */,
			);
			runOnlyForDeploymentPostprocessing = 0;
		};
/* End PBXSourcesBuildPhase section */

/* Begin PBXVariantGroup section */
		1FACF66027505FB000A95403 /* LaunchScreen.storyboard */ = {
			isa = PBXVariantGroup;
			children = (
				1FACF66127505FB000A95403 /* Base */,
			);
			name = LaunchScreen.storyboard;
			sourceTree = "<group>";
		};
/* End PBXVariantGroup section */

/* Begin XCBuildConfiguration section */
		1FACF66427505FB000A95403 /* Debug */ = {
			isa = XCBuildConfiguration;
			buildSettings = {
				ALWAYS_SEARCH_USER_PATHS = NO;
				CLANG_ANALYZER_NONNULL = YES;
				CLANG_ANALYZER_NUMBER_OBJECT_CONVERSION = YES_AGGRESSIVE;
				CLANG_CXX_LANGUAGE_STANDARD = "gnu++17";
				CLANG_CXX_LIBRARY = "libc++";
				CLANG_ENABLE_MODULES = YES;
				CLANG_ENABLE_OBJC_ARC = YES;
				CLANG_ENABLE_OBJC_WEAK = YES;
				CLANG_WARN_BLOCK_CAPTURE_AUTORELEASING = YES;
				CLANG_WARN_BOOL_CONVERSION = YES;
				CLANG_WARN_COMMA = YES;
				CLANG_WARN_CONSTANT_CONVERSION = YES;
				CLANG_WARN_DEPRECATED_OBJC_IMPLEMENTATIONS = YES;
				CLANG_WARN_DIRECT_OBJC_ISA_USAGE = YES_ERROR;
				CLANG_WARN_DOCUMENTATION_COMMENTS = YES;
				CLANG_WARN_EMPTY_BODY = YES;
				CLANG_WARN_ENUM_CONVERSION = YES;
				CLANG_WARN_INFINITE_RECURSION = YES;
				CLANG_WARN_INT_CONVERSION = YES;
				CLANG_WARN_NON_LITERAL_NULL_CONVERSION = YES;
				CLANG_WARN_OBJC_IMPLICIT_RETAIN_SELF = YES;
				CLANG_WARN_OBJC_LITERAL_CONVERSION = YES;
				CLANG_WARN_OBJC_ROOT_CLASS = YES_ERROR;
				CLANG_WARN_QUOTED_INCLUDE_IN_FRAMEWORK_HEADER = YES;
				CLANG_WARN_RANGE_LOOP_ANALYSIS = YES;
				CLANG_WARN_STRICT_PROTOTYPES = YES;
				CLANG_WARN_SUSPICIOUS_MOVE = YES;
				CLANG_WARN_UNGUARDED_AVAILABILITY = YES_AGGRESSIVE;
				CLANG_WARN_UNREACHABLE_CODE = YES;
				CLANG_WARN__DUPLICATE_METHOD_MATCH = YES;
				COPY_PHASE_STRIP = NO;
				DEBUG_INFORMATION_FORMAT = dwarf;
				ENABLE_STRICT_OBJC_MSGSEND = YES;
				ENABLE_TESTABILITY = YES;
				GCC_C_LANGUAGE_STANDARD = gnu11;
				GCC_DYNAMIC_NO_PIC = NO;
				GCC_NO_COMMON_BLOCKS = YES;
				GCC_OPTIMIZATION_LEVEL = 0;
				GCC_PREPROCESSOR_DEFINITIONS = (
					"DEBUG=1",
					"$(inherited)",
				);
				GCC_WARN_64_TO_32_BIT_CONVERSION = YES;
				GCC_WARN_ABOUT_RETURN_TYPE = YES_ERROR;
				GCC_WARN_UNDECLARED_SELECTOR = YES;
				GCC_WARN_UNINITIALIZED_AUTOS = YES_AGGRESSIVE;
				GCC_WARN_UNUSED_FUNCTION = YES;
				GCC_WARN_UNUSED_VARIABLE = YES;
				IPHONEOS_DEPLOYMENT_TARGET = 15.0;
				MTL_ENABLE_DEBUG_INFO = INCLUDE_SOURCE;
				MTL_FAST_MATH = YES;
				ONLY_ACTIVE_ARCH = YES;
				SDKROOT = iphoneos;
				SWIFT_ACTIVE_COMPILATION_CONDITIONS = DEBUG;
				SWIFT_OPTIMIZATION_LEVEL = "-Onone";
			};
			name = Debug;
		};
		1FACF66527505FB000A95403 /* Release */ = {
			isa = XCBuildConfiguration;
			buildSettings = {
				ALWAYS_SEARCH_USER_PATHS = NO;
				CLANG_ANALYZER_NONNULL = YES;
				CLANG_ANALYZER_NUMBER_OBJECT_CONVERSION = YES_AGGRESSIVE;
				CLANG_CXX_LANGUAGE_STANDARD = "gnu++17";
				CLANG_CXX_LIBRARY = "libc++";
				CLANG_ENABLE_MODULES = YES;
				CLANG_ENABLE_OBJC_ARC = YES;
				CLANG_ENABLE_OBJC_WEAK = YES;
				CLANG_WARN_BLOCK_CAPTURE_AUTORELEASING = YES;
				CLANG_WARN_BOOL_CONVERSION = YES;
				CLANG_WARN_COMMA = YES;
				CLANG_WARN_CONSTANT_CONVERSION = YES;
				CLANG_WARN_DEPRECATED_OBJC_IMPLEMENTATIONS = YES;
				CLANG_WARN_DIRECT_OBJC_ISA_USAGE = YES_ERROR;
				CLANG_WARN_DOCUMENTATION_COMMENTS = YES;
				CLANG_WARN_EMPTY_BODY = YES;
				CLANG_WARN_ENUM_CONVERSION = YES;
				CLANG_WARN_INFINITE_RECURSION = YES;
				CLANG_WARN_INT_CONVERSION = YES;
				CLANG_WARN_NON_LITERAL_NULL_CONVERSION = YES;
				CLANG_WARN_OBJC_IMPLICIT_RETAIN_SELF = YES;
				CLANG_WARN_OBJC_LITERAL_CONVERSION = YES;
				CLANG_WARN_OBJC_ROOT_CLASS = YES_ERROR;
				CLANG_WARN_QUOTED_INCLUDE_IN_FRAMEWORK_HEADER = YES;
				CLANG_WARN_RANGE_LOOP_ANALYSIS = YES;
				CLANG_WARN_STRICT_PROTOTYPES = YES;
				CLANG_WARN_SUSPICIOUS_MOVE = YES;
				CLANG_WARN_UNGUARDED_AVAILABILITY = YES_AGGRESSIVE;
				CLANG_WARN_UNREACHABLE_CODE = YES;
				CLANG_WARN__DUPLICATE_METHOD_MATCH = YES;
				COPY_PHASE_STRIP = NO;
				DEBUG_INFORMATION_FORMAT = "dwarf-with-dsym";
				ENABLE_NS_ASSERTIONS = NO;
				ENABLE_STRICT_OBJC_MSGSEND = YES;
				GCC_C_LANGUAGE_STANDARD = gnu11;
				GCC_NO_COMMON_BLOCKS = YES;
				GCC_WARN_64_TO_32_BIT_CONVERSION = YES;
				GCC_WARN_ABOUT_RETURN_TYPE = YES_ERROR;
				GCC_WARN_UNDECLARED_SELECTOR = YES;
				GCC_WARN_UNINITIALIZED_AUTOS = YES_AGGRESSIVE;
				GCC_WARN_UNUSED_FUNCTION = YES;
				GCC_WARN_UNUSED_VARIABLE = YES;
				IPHONEOS_DEPLOYMENT_TARGET = 15.0;
				MTL_ENABLE_DEBUG_INFO = NO;
				MTL_FAST_MATH = YES;
				SDKROOT = iphoneos;
				SWIFT_COMPILATION_MODE = wholemodule;
				SWIFT_OPTIMIZATION_LEVEL = "-O";
				VALIDATE_PRODUCT = YES;
			};
			name = Release;
		};
		1FACF66727505FB000A95403 /* Debug */ = {
			isa = XCBuildConfiguration;
			buildSettings = {
				ASSETCATALOG_COMPILER_APPICON_NAME = AppIcon;
				ASSETCATALOG_COMPILER_GLOBAL_ACCENT_COLOR_NAME = AccentColor;
				CODE_SIGN_STYLE = Automatic;
				CURRENT_PROJECT_VERSION = 1;
				DEVELOPMENT_TEAM = 32VDWA9DAF;
				GENERATE_INFOPLIST_FILE = YES;
				INFOPLIST_FILE = MeepleCollector/Info.plist;
				INFOPLIST_KEY_UIApplicationSupportsIndirectInputEvents = YES;
				INFOPLIST_KEY_UILaunchStoryboardName = LaunchScreen;
				INFOPLIST_KEY_UISupportedInterfaceOrientations_iPad = "UIInterfaceOrientationPortrait UIInterfaceOrientationPortraitUpsideDown UIInterfaceOrientationLandscapeLeft UIInterfaceOrientationLandscapeRight";
				INFOPLIST_KEY_UISupportedInterfaceOrientations_iPhone = "UIInterfaceOrientationPortrait UIInterfaceOrientationLandscapeLeft UIInterfaceOrientationLandscapeRight";
				LD_RUNPATH_SEARCH_PATHS = (
					"$(inherited)",
					"@executable_path/Frameworks",
				);
				MARKETING_VERSION = 1.0;
				PRODUCT_BUNDLE_IDENTIFIER = com.meeplelandia.MeepleCollector;
				PRODUCT_NAME = "$(TARGET_NAME)";
				SWIFT_EMIT_LOC_STRINGS = YES;
				SWIFT_VERSION = 5.0;
				TARGETED_DEVICE_FAMILY = 1;
			};
			name = Debug;
		};
		1FACF66827505FB000A95403 /* Release */ = {
			isa = XCBuildConfiguration;
			buildSettings = {
				ASSETCATALOG_COMPILER_APPICON_NAME = AppIcon;
				ASSETCATALOG_COMPILER_GLOBAL_ACCENT_COLOR_NAME = AccentColor;
				CODE_SIGN_STYLE = Automatic;
				CURRENT_PROJECT_VERSION = 1;
				DEVELOPMENT_TEAM = 32VDWA9DAF;
				GENERATE_INFOPLIST_FILE = YES;
				INFOPLIST_FILE = MeepleCollector/Info.plist;
				INFOPLIST_KEY_UIApplicationSupportsIndirectInputEvents = YES;
				INFOPLIST_KEY_UILaunchStoryboardName = LaunchScreen;
				INFOPLIST_KEY_UISupportedInterfaceOrientations_iPad = "UIInterfaceOrientationPortrait UIInterfaceOrientationPortraitUpsideDown UIInterfaceOrientationLandscapeLeft UIInterfaceOrientationLandscapeRight";
				INFOPLIST_KEY_UISupportedInterfaceOrientations_iPhone = "UIInterfaceOrientationPortrait UIInterfaceOrientationLandscapeLeft UIInterfaceOrientationLandscapeRight";
				LD_RUNPATH_SEARCH_PATHS = (
					"$(inherited)",
					"@executable_path/Frameworks",
				);
				MARKETING_VERSION = 1.0;
				PRODUCT_BUNDLE_IDENTIFIER = com.meeplelandia.MeepleCollector;
				PRODUCT_NAME = "$(TARGET_NAME)";
				SWIFT_EMIT_LOC_STRINGS = YES;
				SWIFT_VERSION = 5.0;
				TARGETED_DEVICE_FAMILY = 1;
			};
			name = Release;
		};
/* End XCBuildConfiguration section */

/* Begin XCConfigurationList section */
		1FACF64D27505FAE00A95403 /* Build configuration list for PBXProject "MeepleCollector" */ = {
			isa = XCConfigurationList;
			buildConfigurations = (
				1FACF66427505FB000A95403 /* Debug */,
				1FACF66527505FB000A95403 /* Release */,
			);
			defaultConfigurationIsVisible = 0;
			defaultConfigurationName = Release;
		};
		1FACF66627505FB000A95403 /* Build configuration list for PBXNativeTarget "MeepleCollector" */ = {
			isa = XCConfigurationList;
			buildConfigurations = (
				1FACF66727505FB000A95403 /* Debug */,
				1FACF66827505FB000A95403 /* Release */,
			);
			defaultConfigurationIsVisible = 0;
			defaultConfigurationName = Release;
		};
/* End XCConfigurationList section */
	};
	rootObject = 1FACF64A27505FAE00A95403 /* Project object */;
}
